
Microsoft Visual Studio Solution File, Format Version 12.00
# Visual Studio Version 16
VisualStudioVersion = 16.0.31911.196
MinimumVisualStudioVersion = 10.0.40219.1
Project("{8BC9CEB8-8B4A-11D0-8D11-00A0C91BC942}") = "Course assignment", "Course assignment.vcxproj", "{5BC88A87-5F0A-4F56-BEEF-6603D1206BF5}"
EndProject
Global
	GlobalSection(SolutionConfigurationPlatforms) = preSolution
		Debug|x64 = Debug|x64
		Debug|x86 = Debug|x86
		Release|x64 = Release|x64
		Release|x86 = Release|x86
	EndGlobalSection
	GlobalSection(ProjectConfigurationPlatforms) = postSolution
		{5BC88A87-5F0A-4F56-BEEF-6603D1206BF5}.Debug|x64.ActiveCfg = Debug|x64
		{5BC88A87-5F0A-4F56-BEEF-6603D1206BF5}.Debug|x64.Build.0 = Debug|x64
		{5BC88A87-5F0A-4F56-BEEF-6603D1206BF5}.Debug|x86.ActiveCfg = Debug|Win32
		{5BC88A87-5F0A-4F56-BEEF-6603D1206BF5}.Debug|x86.Build.0 = Debug|Win32
		{5BC88A87-5F0A-4F56-BEEF-6603D1206BF5}.Release|x64.ActiveCfg = Release|x64
		{5BC88A87-5F0A-4F56-BEEF-6603D1206BF5}.Release|x64.Build.0 = Release|x64
		{5BC88A87-5F0A-4F56-BEEF-6603D1206BF5}.Release|x86.ActiveCfg = Release|Win32
		{5BC88A87-5F0A-4F56-BEEF-6603D1206BF5}.Release|x86.Build.0 = Release|Win32
	EndGlobalSection
	GlobalSection(SolutionProperties) = preSolution
		HideSolutionNode = FALSE
	EndGlobalSection
	GlobalSection(ExtensibilityGlobals) = postSolution
		SolutionGuid = {EED0C03E-D8E6-4128-B442-D3FC2BBDEBA4}
	EndGlobalSection
EndGlobal
